PODS:
  - FBSDKCoreKit (5.15.1):
    - FBSDKCoreKit/Basics (= 5.15.1)
    - FBSDKCoreKit/Core (= 5.15.1)
  - FBSDKCoreKit/Basics (5.15.1)
  - FBSDKCoreKit/Core (5.15.1):
    - FBSDKCoreKit/Basics
  - FBSDKLoginKit (5.15.1):
    - FBSDKLoginKit/Login (= 5.15.1)
  - FBSDKLoginKit/Login (5.15.1):
    - FBSDKCoreKit (~> 5.0)
  - Flutter (1.0.0)
  - flutter_facebook_login (0.0.1):
    - FBSDKCoreKit (~> 5.5)
    - FBSDKLoginKit (~> 5.5)
    - Flutter
  - flutter_mailer (0.0.1):
    - Flutter
  - fluttertoast (0.0.2):
    - Flutter
  - razorpay-pod (1.1.4)
  - razorpay_flutter (1.1.1):
    - Flutter
    - razorpay-pod (~> 1.1.4)
  - shared_preferences (0.0.1):
    - Flutter
  - shared_preferences_macos (0.0.1):
    - Flutter
  - shared_preferences_web (0.0.1):
    - Flutter

DEPENDENCIES:
  - Flutter (from `Flutter`)
  - flutter_facebook_login (from `.symlinks/plugins/flutter_facebook_login/ios`)
  - flutter_mailer (from `.symlinks/plugins/flutter_mailer/ios`)
  - fluttertoast (from `.symlinks/plugins/fluttertoast/ios`)
  - razorpay_flutter (from `.symlinks/plugins/razorpay_flutter/ios`)
  - shared_preferences (from `.symlinks/plugins/shared_preferences/ios`)
  - shared_preferences_macos (from `.symlinks/plugins/shared_preferences_macos/ios`)
  - shared_preferences_web (from `.symlinks/plugins/shared_preferences_web/ios`)

SPEC REPOS:
  trunk:
    - FBSDKCoreKit
    - FBSDKLoginKit
    - razorpay-pod

EXTERNAL SOURCES:
  Flutter:
    :path: Flutter
  flutter_facebook_login:
    :path: ".symlinks/plugins/flutter_facebook_login/ios"
  flutter_mailer:
    :path: ".symlinks/plugins/flutter_mailer/ios"
  fluttertoast:
    :path: ".symlinks/plugins/fluttertoast/ios"
  razorpay_flutter:
    :path: ".symlinks/plugins/razorpay_flutter/ios"
  shared_preferences:
    :path: ".symlinks/plugins/shared_preferences/ios"
  shared_preferences_macos:
    :path: ".symlinks/plugins/shared_preferences_macos/ios"
  shared_preferences_web:
    :path: ".symlinks/plugins/shared_preferences_web/ios"

SPEC CHECKSUMS:
  FBSDKCoreKit: 1d5acf7c9d7a2f92bb1a242dc60cae5b7adb91df
  FBSDKLoginKit: f1ea8026a58b52d30c9f2e6a58ca7d813619fb83
  Flutter: 0e3d915762c693b495b44d77113d4970485de6ec
  flutter_facebook_login: cfb5659f686b1c575ef205c6b6fd20db9679d3c4
  flutter_mailer: 2ef5a67087bc8c6c4cefd04a178bf1ae2c94cd83
  fluttertoast: b644586ef3b16f67fae9a1f8754cef6b2d6b634b
  razorpay-pod: 592624080178be4c6121216508e7857fc245f4b8
  razorpay_flutter: 2af1a15499076b1798d81bc35e4837d467b2daac
  shared_preferences: 430726339841afefe5142b9c1f50cb6bd7793e01
  shared_preferences_macos: f3f29b71ccbb56bf40c9dd6396c9acf15e214087
  shared_preferences_web: 141cce0c3ed1a1c5bf2a0e44f52d31eeb66e5ea9

PODFILE CHECKSUM: df68b33054bc24af9c2f7a4a8c4d11a6458ead0f

COCOAPODS: 1.8.4
